
Microsoft Visual Studio Solution File, Format Version 12.00
# Visual Studio 15
VisualStudioVersion = 15.0.28307.136
MinimumVisualStudioVersion = 10.0.40219.1
Project("{FAE04EC0-301F-11D3-BF4B-00C04F79EFBC}") = "LdapServicesCore2.2", "LdapServicesCore2.2\LdapServicesCore2.2.csproj", "{8FB2BA3B-6AB1-4712-A5FC-FA3DC9B790C7}"
EndProject
Global
	GlobalSection(SolutionConfigurationPlatforms) = preSolution
		Debug|Any CPU = Debug|Any CPU
		Release|Any CPU = Release|Any CPU
	EndGlobalSection
	GlobalSection(ProjectConfigurationPlatforms) = postSolution
		{8FB2BA3B-6AB1-4712-A5FC-FA3DC9B790C7}.Debug|Any CPU.ActiveCfg = Debug|Any CPU
		{8FB2BA3B-6AB1-4712-A5FC-FA3DC9B790C7}.Debug|Any CPU.Build.0 = Debug|Any CPU
		{8FB2BA3B-6AB1-4712-A5FC-FA3DC9B790C7}.Release|Any CPU.ActiveCfg = Release|Any CPU
		{8FB2BA3B-6AB1-4712-A5FC-FA3DC9B790C7}.Release|Any CPU.Build.0 = Release|Any CPU
	EndGlobalSection
	GlobalSection(SolutionProperties) = preSolution
		HideSolutionNode = FALSE
	EndGlobalSection
	GlobalSection(ExtensibilityGlobals) = postSolution
		SolutionGuid = {B6EED21D-0746-4986-AD09-EAC88356F505}
	EndGlobalSection
EndGlobal
